
Microsoft Visual Studio Solution File, Format Version 12.00
# Visual Studio Version 17
VisualStudioVersion = 17.8.34511.84
MinimumVisualStudioVersion = 10.0.40219.1
Project("{9A19103F-16F7-4668-BE54-9A1E7A4F7556}") = "McF.Process", "McF.Process\McF.Process.csproj", "{1D0FDA53-338D-4CAB-8B8B-8FB2F84F4DEB}"
EndProject
Project("{9A19103F-16F7-4668-BE54-9A1E7A4F7556}") = "Mcf.Order.Service", "Mcf.Order.Service\Mcf.Order.Service.csproj", "{2F6C2F31-2CA0-456F-8ADA-B662163D8EA7}"
EndProject
Project("{9A19103F-16F7-4668-BE54-9A1E7A4F7556}") = "Mcf.Common", "Mcf.Common\Mcf.Common.csproj", "{CFA78D54-30BA-4D65-8E93-D48403220247}"
EndProject
Project("{9A19103F-16F7-4668-BE54-9A1E7A4F7556}") = "McF.Product.Service", "McF.Product.Service\McF.Product.Service.csproj", "{1B292326-A8C2-4B21-9B3F-6E8BB4DDB7F2}"
EndProject
Global
	GlobalSection(SolutionConfigurationPlatforms) = preSolution
		Debug|Any CPU = Debug|Any CPU
		Release|Any CPU = Release|Any CPU
	EndGlobalSection
	GlobalSection(ProjectConfigurationPlatforms) = postSolution
		{1D0FDA53-338D-4CAB-8B8B-8FB2F84F4DEB}.Debug|Any CPU.ActiveCfg = Debug|Any CPU
		{1D0FDA53-338D-4CAB-8B8B-8FB2F84F4DEB}.Debug|Any CPU.Build.0 = Debug|Any CPU
		{1D0FDA53-338D-4CAB-8B8B-8FB2F84F4DEB}.Release|Any CPU.ActiveCfg = Release|Any CPU
		{1D0FDA53-338D-4CAB-8B8B-8FB2F84F4DEB}.Release|Any CPU.Build.0 = Release|Any CPU
		{2F6C2F31-2CA0-456F-8ADA-B662163D8EA7}.Debug|Any CPU.ActiveCfg = Debug|Any CPU
		{2F6C2F31-2CA0-456F-8ADA-B662163D8EA7}.Debug|Any CPU.Build.0 = Debug|Any CPU
		{2F6C2F31-2CA0-456F-8ADA-B662163D8EA7}.Release|Any CPU.ActiveCfg = Release|Any CPU
		{2F6C2F31-2CA0-456F-8ADA-B662163D8EA7}.Release|Any CPU.Build.0 = Release|Any CPU
		{CFA78D54-30BA-4D65-8E93-D48403220247}.Debug|Any CPU.ActiveCfg = Debug|Any CPU
		{CFA78D54-30BA-4D65-8E93-D48403220247}.Debug|Any CPU.Build.0 = Debug|Any CPU
		{CFA78D54-30BA-4D65-8E93-D48403220247}.Release|Any CPU.ActiveCfg = Release|Any CPU
		{CFA78D54-30BA-4D65-8E93-D48403220247}.Release|Any CPU.Build.0 = Release|Any CPU
		{1B292326-A8C2-4B21-9B3F-6E8BB4DDB7F2}.Debug|Any CPU.ActiveCfg = Debug|Any CPU
		{1B292326-A8C2-4B21-9B3F-6E8BB4DDB7F2}.Debug|Any CPU.Build.0 = Debug|Any CPU
		{1B292326-A8C2-4B21-9B3F-6E8BB4DDB7F2}.Release|Any CPU.ActiveCfg = Release|Any CPU
		{1B292326-A8C2-4B21-9B3F-6E8BB4DDB7F2}.Release|Any CPU.Build.0 = Release|Any CPU
	EndGlobalSection
	GlobalSection(SolutionProperties) = preSolution
		HideSolutionNode = FALSE
	EndGlobalSection
	GlobalSection(ExtensibilityGlobals) = postSolution
		SolutionGuid = {1F476477-7B79-42B5-971B-DC285732240E}
	EndGlobalSection
EndGlobal
